
Microsoft Visual Studio Solution File, Format Version 12.00
# Visual Studio 2013
VisualStudioVersion = 12.0.31101.0
MinimumVisualStudioVersion = 10.0.40219.1
Project("{FAE04EC0-301F-11D3-BF4B-00C04F79EFBC}") = "Future_BTST", "Future_BTST\Future_BTST.csproj", "{B3BDF7CA-5BFD-49C4-BF4C-669EC19D07D4}"
EndProject
Project("{FAE04EC0-301F-11D3-BF4B-00C04F79EFBC}") = "ZerodhaClientSharp", "ZerodhaClientSharp\ZerodhaClientSharp.csproj", "{2DBC1B37-095F-4D49-A543-C021FFC10FB7}"
EndProject
Global
	GlobalSection(SolutionConfigurationPlatforms) = preSolution
		Debug|Any CPU = Debug|Any CPU
		Release|Any CPU = Release|Any CPU
	EndGlobalSection
	GlobalSection(ProjectConfigurationPlatforms) = postSolution
		{B3BDF7CA-5BFD-49C4-BF4C-669EC19D07D4}.Debug|Any CPU.ActiveCfg = Debug|Any CPU
		{B3BDF7CA-5BFD-49C4-BF4C-669EC19D07D4}.Debug|Any CPU.Build.0 = Debug|Any CPU
		{B3BDF7CA-5BFD-49C4-BF4C-669EC19D07D4}.Release|Any CPU.ActiveCfg = Release|Any CPU
		{B3BDF7CA-5BFD-49C4-BF4C-669EC19D07D4}.Release|Any CPU.Build.0 = Release|Any CPU
		{2DBC1B37-095F-4D49-A543-C021FFC10FB7}.Debug|Any CPU.ActiveCfg = Debug|Any CPU
		{2DBC1B37-095F-4D49-A543-C021FFC10FB7}.Debug|Any CPU.Build.0 = Debug|Any CPU
		{2DBC1B37-095F-4D49-A543-C021FFC10FB7}.Release|Any CPU.ActiveCfg = Release|Any CPU
		{2DBC1B37-095F-4D49-A543-C021FFC10FB7}.Release|Any CPU.Build.0 = Release|Any CPU
	EndGlobalSection
	GlobalSection(SolutionProperties) = preSolution
		HideSolutionNode = FALSE
	EndGlobalSection
EndGlobal
